// !$*UTF8*$!
{
	archiveVersion = 1;
	classes = {
	};
	objectVersion = 77;
	objects = {

/* Begin PBXBuildFile section */
		014303E35CBFA0DAA254EC00 /* Models.swift in Sources */ = {isa = PBXBuildFile; fileRef = 080FC1114275CCF21740784E /* Models.swift */; };
		0A214F2ADBCFE126AC279AE6 /* ClaudeCode.swift in Sources */ = {isa = PBXBuildFile; fileRef = 3C1127DC42D805D6EA8D1FCA /* ClaudeCode.swift */; };
		0A5854290E931E56FC4E4C9A /* ChatterboxMCP in Embed Dependencies */ = {isa = PBXBuildFile; fileRef = 199795CA97CD07D743A50C57 /* ChatterboxMCP */; settings = {ATTRIBUTES = (CodeSignOnCopy, RemoveHeadersOnCopy, ); }; };
		0B91C5988467BFB685D8B2C7 /* Pins.swift in Sources */ = {isa = PBXBuildFile; fileRef = A81413A73CF1A4475E1CF397 /* Pins.swift */; };
		0C05433F3D417EFBF927AD1F /* main.swift in Sources */ = {isa = PBXBuildFile; fileRef = F90E1FEF54757E746B104D0F /* main.swift */; };
		0D0AA5565003163647FC890D /* PinsSection.swift in Sources */ = {isa = PBXBuildFile; fileRef = A25AF49642A0603DB9DB1791 /* PinsSection.swift */; };
		0D8842689F17DD0539AB0255 /* ModelPresets.swift in Sources */ = {isa = PBXBuildFile; fileRef = 14558A0837B25DEDA47B363D /* ModelPresets.swift */; };
		1417AE929D75C1B17835DCF3 /* HostProtocol.swift in Sources */ = {isa = PBXBuildFile; fileRef = 8689DF6B99431EBDF5A4BE52 /* HostProtocol.swift */; };
		17BF765717748A9396DC6875 /* Assets.xcassets in Resources */ = {isa = PBXBuildFile; fileRef = F3DC91A879146D9B37CA06E3 /* Assets.xcassets */; };
		185FE4741650353C7DB76AFB /* Attention.swift in Sources */ = {isa = PBXBuildFile; fileRef = E34B3EA688DB4D5120202F4A /* Attention.swift */; };
		1896760BB7DB3AE32FB3F975 /* ReaderStyle.swift in Sources */ = {isa = PBXBuildFile; fileRef = 2C1A01363F2ADC00DD3B34D0 /* ReaderStyle.swift */; };
		18BD8FFA77ACC927ACAEC416 /* AVKit.framework in Frameworks */ = {isa = PBXBuildFile; fileRef = B9675867775B38402C20AED2 /* AVKit.framework */; };
		1DF20F97749EBAEDB23D8754 /* PinsAndExtras.swift in Sources */ = {isa = PBXBuildFile; fileRef = 69DC84E40F7F1834C97EA642 /* PinsAndExtras.swift */; };
		216A4A576879E8065789E82E /* CompanionAPI.swift in Sources */ = {isa = PBXBuildFile; fileRef = 0DA9F0B419529549C12E3317 /* CompanionAPI.swift */; };
		240751B84CDB2B6BFB2F0439 /* MobileStore.swift in Sources */ = {isa = PBXBuildFile; fileRef = 667AC120BEF5177C4AB1C659 /* MobileStore.swift */; };
		24A8E16AFA68E1C800EC40D2 /* DotComputerPanel.swift in Sources */ = {isa = PBXBuildFile; fileRef = 3CFDAD6610DE2982D43178FF /* DotComputerPanel.swift */; };
		25A75E689316C0AFEEA9CE52 /* WebPane.swift in Sources */ = {isa = PBXBuildFile; fileRef = 4ABAE1B34A7039850D52C275 /* WebPane.swift */; };
		27CCD67483D16BEF45FE4EE5 /* ChatSession+Codex.swift in Sources */ = {isa = PBXBuildFile; fileRef = C08B129E8E0D95F8D6A73710 /* ChatSession+Codex.swift */; };
		286A355D770106A89DA0551C /* Dictation.swift in Sources */ = {isa = PBXBuildFile; fileRef = F5955B401AB9BC438178B6BD /* Dictation.swift */; };
		2CFB8E2B4A0501FAE90F8DC0 /* SketchView.swift in Sources */ = {isa = PBXBuildFile; fileRef = B6987D2087FA491665C4A101 /* SketchView.swift */; };
		3676EB8F6588D30D5BB9A400 /* PathLinks.swift in Sources */ = {isa = PBXBuildFile; fileRef = BACD3896247941A01A6F39FB /* PathLinks.swift */; };
		36C8961B485B4DB26F4B01B7 /* Cards.swift in Sources */ = {isa = PBXBuildFile; fileRef = 263AB703BFEE4CE044BF0EEE /* Cards.swift */; };
		38C35AD484F69B297C79B9B8 /* CodexAppServer.swift in Sources */ = {isa = PBXBuildFile; fileRef = 064C3FB24651A1A367B53C36 /* CodexAppServer.swift */; };
		3D9C474E0171D07BCFD3E783 /* OutputBuffer.swift in Sources */ = {isa = PBXBuildFile; fileRef = 8FACABAADB1BC61CD83F6473 /* OutputBuffer.swift */; };
		3F9ACF6416461B4A49E77584 /* MobileMedia.swift in Sources */ = {isa = PBXBuildFile; fileRef = B7E0882B1086EDE675468281 /* MobileMedia.swift */; };
		40F22648E6D7DC9D88380151 /* ItemView.swift in Sources */ = {isa = PBXBuildFile; fileRef = 276EA46A76921A11440633E3 /* ItemView.swift */; };
		42E0AA7989519D1AC9812E73 /* prompts in Resources */ = {isa = PBXBuildFile; fileRef = F8396140D14FE6E04F22C13F /* prompts */; };
		44658C948D45F241891438FB /* MediaKind.swift in Sources */ = {isa = PBXBuildFile; fileRef = 3E506CEBABA8892B98B49AE9 /* MediaKind.swift */; };
		453FCA51C187EE207D6D2540 /* StudioInstructionsSheet.swift in Sources */ = {isa = PBXBuildFile; fileRef = 1E0A3400587A22E3D749EF5D /* StudioInstructionsSheet.swift */; };
		46F0BBABEE7FA9EEAE34F7F5 /* CompanionAPI.swift in Sources */ = {isa = PBXBuildFile; fileRef = 0DA9F0B419529549C12E3317 /* CompanionAPI.swift */; };
		4CB7C3DF87AF4FBAEC98BCC6 /* ContentView.swift in Sources */ = {isa = PBXBuildFile; fileRef = DD71DB30FA4E56547B5EDD95 /* ContentView.swift */; };
		4D1F421A53DFA98E7368D46D /* MediaViews.swift in Sources */ = {isa = PBXBuildFile; fileRef = 3FB49DE70CCD56E2122A67E6 /* MediaViews.swift */; };
		4E46C4A6103079CF90E5C54A /* SettingsView.swift in Sources */ = {isa = PBXBuildFile; fileRef = 505EA4AEFE9AD144D1946F33 /* SettingsView.swift */; };
		56DEB72E6A453ED7B082FBF2 /* ChatSession.swift in Sources */ = {isa = PBXBuildFile; fileRef = C8EB85AF0736434980646DAF /* ChatSession.swift */; };
		57D138F3E0F30EAC4F1EF78D /* Host.swift in Sources */ = {isa = PBXBuildFile; fileRef = 06B1A8FD57BD2D2C11BC4B51 /* Host.swift */; };
		59195F258EBFC06595C7CBA3 /* ChatView.swift in Sources */ = {isa = PBXBuildFile; fileRef = 4E2EAD6E5E9A45856F6E8311 /* ChatView.swift */; };
		5A603897A9E87CC8D5BA7122 /* MobileHTMLPreview.swift in Sources */ = {isa = PBXBuildFile; fileRef = 5A73BD0BC4502C3B3EDEDC9F /* MobileHTMLPreview.swift */; };
		5CBC37DD0167C0D78291D969 /* CloneFromGitHubView.swift in Sources */ = {isa = PBXBuildFile; fileRef = 5320CE9CF68399C5A7BDC4C6 /* CloneFromGitHubView.swift */; };
		5E7A560F77F5DFA853740235 /* ChatSession+Shell.swift in Sources */ = {isa = PBXBuildFile; fileRef = E46453278256F9AB1A12CC8B /* ChatSession+Shell.swift */; };
		5FB81543834E300F4736AFE1 /* Backend.swift in Sources */ = {isa = PBXBuildFile; fileRef = D3AE88BF63DE274A9EC0194F /* Backend.swift */; };
		61B0870D58D1582854C7C5A3 /* Dot.swift in Sources */ = {isa = PBXBuildFile; fileRef = 439370872F6E041E6DB407AF /* Dot.swift */; };
		677C1381F02D81FD79F34CB5 /* ChatSession+Claude.swift in Sources */ = {isa = PBXBuildFile; fileRef = 30AB9B96E1E8AE89ED5D5AD4 /* ChatSession+Claude.swift */; };
		6875959B38D397F1DFD46A74 /* Prompts.swift in Sources */ = {isa = PBXBuildFile; fileRef = A125487FAFCF644CD583045D /* Prompts.swift */; };
		6BB7A853F269907F28A02EDD /* Studios.swift in Sources */ = {isa = PBXBuildFile; fileRef = 8F15AA06275FEBC5A7954E50 /* Studios.swift */; };
		6DBCD914CBA6AE11534A1FBF /* SlashCommands.swift in Sources */ = {isa = PBXBuildFile; fileRef = ECA1859EDFB04B0FBAF13AFC /* SlashCommands.swift */; };
		70E0577C44E42D83B1414BD9 /* HTMLPreview.swift in Sources */ = {isa = PBXBuildFile; fileRef = B1C78CCD40D63AF4DE7EF42C /* HTMLPreview.swift */; };
		757230ABE064F535ABB98E03 /* PathLinks.swift in Sources */ = {isa = PBXBuildFile; fileRef = BACD3896247941A01A6F39FB /* PathLinks.swift */; };
		7949AF037EC20688BA18CE32 /* BackgroundTasks.swift in Sources */ = {isa = PBXBuildFile; fileRef = 50C34CF3713DD45D9DE202B1 /* BackgroundTasks.swift */; };
		7C7B993E45FFCD02FDE64010 /* BackgroundWorkBar.swift in Sources */ = {isa = PBXBuildFile; fileRef = 0178EBFCFA5C2E01B6F03C72 /* BackgroundWorkBar.swift */; };
		7DDA7CD35006881E95258A76 /* QuickSwitcher.swift in Sources */ = {isa = PBXBuildFile; fileRef = 8A195847F26FA0A20E3EC6D6 /* QuickSwitcher.swift */; };
		81391861CA4A3E9466F6959F /* Child.swift in Sources */ = {isa = PBXBuildFile; fileRef = 67B6115C97D436D69FEDDE1D /* Child.swift */; };
		83DFF330821ADECCFAC9F161 /* ActivitySpinner.swift in Sources */ = {isa = PBXBuildFile; fileRef = 44DA4B023806E1DA1F6C4174 /* ActivitySpinner.swift */; };
		88E2F788E3E0BEA4CC762830 /* ModelPicker.swift in Sources */ = {isa = PBXBuildFile; fileRef = D23F411A39522520E8F10339 /* ModelPicker.swift */; };
		8F2C622501AF80BFE5C23E4C /* MarkdownText.swift in Sources */ = {isa = PBXBuildFile; fileRef = 1AECAB552B28248B3461AC00 /* MarkdownText.swift */; };
		8FD50A86B332AEA5CCEBC1C5 /* ChatSession+Status.swift in Sources */ = {isa = PBXBuildFile; fileRef = E7786246032F89E4E0C70184 /* ChatSession+Status.swift */; };
		91D67C3BBBB54F4E0B9A17FB /* ChatListView.swift in Sources */ = {isa = PBXBuildFile; fileRef = 975B4C8301A9C31E898E446F /* ChatListView.swift */; };
		940BEE582E0F42AC32B5BB15 /* Tools.swift in Sources */ = {isa = PBXBuildFile; fileRef = 499506AD5BC0D2785F115FFA /* Tools.swift */; };
		945F81C5BE71036A43F84B2C /* ChatterboxMobileApp.swift in Sources */ = {isa = PBXBuildFile; fileRef = 810B1E930CEA28FEE5661A03 /* ChatterboxMobileApp.swift */; };
		96757C4FC62A060878D6DFCD /* HostProtocol.swift in Sources */ = {isa = PBXBuildFile; fileRef = 8689DF6B99431EBDF5A4BE52 /* HostProtocol.swift */; };
		9921B3994F4867053CC25CBF /* EmailWatch.swift in Sources */ = {isa = PBXBuildFile; fileRef = 71143A69C2726A534266C3D2 /* EmailWatch.swift */; };
		9DF7EBF422F384BBAE453053 /* CompanionSettingsView.swift in Sources */ = {isa = PBXBuildFile; fileRef = 7512E0CF8399135EBA039ADD /* CompanionSettingsView.swift */; };
		A0100C9B64BAF5689FC7AB7C /* ChatSession+Tasks.swift in Sources */ = {isa = PBXBuildFile; fileRef = 440736B6996B651E0CC77FAE /* ChatSession+Tasks.swift */; };
		A10A74A5566CCBD7F498FD47 /* JSON.swift in Sources */ = {isa = PBXBuildFile; fileRef = EB27A16AB61425271FAD9777 /* JSON.swift */; };
		A31A7170DFE0B779E48AA163 /* Backend.swift in Sources */ = {isa = PBXBuildFile; fileRef = D3AE88BF63DE274A9EC0194F /* Backend.swift */; };
		A41270E739E88B0AB0705525 /* DotComputer.swift in Sources */ = {isa = PBXBuildFile; fileRef = B42971FF65DCD021D97664C9 /* DotComputer.swift */; };
		AB00DAF2FAE7B73FD314665C /* ChatDetailView.swift in Sources */ = {isa = PBXBuildFile; fileRef = 81CB1480DDAC4ED36BEDA1BA /* ChatDetailView.swift */; };
		ABF8489B231E5AD2D1054115 /* DotActivity.swift in Sources */ = {isa = PBXBuildFile; fileRef = 0508B744152680991C2150CE /* DotActivity.swift */; };
		AFC77A37FA9A7CBD63395183 /* ChatControls.swift in Sources */ = {isa = PBXBuildFile; fileRef = 3B29BF52F3D3A9C7118F1AF5 /* ChatControls.swift */; };
		B0D3B88622199B555C471C0D /* GitHubIssues.swift in Sources */ = {isa = PBXBuildFile; fileRef = B6E27AB1CACAD956FA3953FA /* GitHubIssues.swift */; };
		BC976CA7BD9AE7FB18B189EA /* UsageMeter.swift in Sources */ = {isa = PBXBuildFile; fileRef = 3D53ED2E09F1C71594BBEDC9 /* UsageMeter.swift */; };
		BEAE48E0B2CBC15ABD093D65 /* ChatSettingsSheet.swift in Sources */ = {isa = PBXBuildFile; fileRef = A8CC235964DF222CEF117DF4 /* ChatSettingsSheet.swift */; };
		C25D9B75AE6501C525DCF1A0 /* ProjectSorting.swift in Sources */ = {isa = PBXBuildFile; fileRef = 09AB7F89AFDD18FEE5A95ADD /* ProjectSorting.swift */; };
		C2EF35311DD0F2CBAC488BFE /* MarkdownText.swift in Sources */ = {isa = PBXBuildFile; fileRef = 1AECAB552B28248B3461AC00 /* MarkdownText.swift */; };
		C5AA2B923B13F157E0B511FA /* TranscriptViews.swift in Sources */ = {isa = PBXBuildFile; fileRef = 0C729E82E41C2C9B2BFD9932 /* TranscriptViews.swift */; };
		C85296D19896FD1C9A314F1E /* IssuesPanel.swift in Sources */ = {isa = PBXBuildFile; fileRef = 8B92F8FDD1CBCE6C1FE09B53 /* IssuesPanel.swift */; };
		CD177B0129A911BCBAFC510C /* ChatSession+Issues.swift in Sources */ = {isa = PBXBuildFile; fileRef = A498BC502E33561D11D733D5 /* ChatSession+Issues.swift */; };
		CE30B4EEBFE555395108BE6D /* JSON.swift in Sources */ = {isa = PBXBuildFile; fileRef = EB27A16AB61425271FAD9777 /* JSON.swift */; };
		CF8128373420B57317F96D90 /* NewProjectSheet.swift in Sources */ = {isa = PBXBuildFile; fileRef = 7AE34F98053ECFEA403086E4 /* NewProjectSheet.swift */; };
		D05B92875B687F85956F41CE /* Attachments.swift in Sources */ = {isa = PBXBuildFile; fileRef = DBCA3F2B7277E38C199221AE /* Attachments.swift */; };
		D47A8E4BD002D63560FFCEA4 /* IssuePrompts.swift in Sources */ = {isa = PBXBuildFile; fileRef = 0881D3AFF484F1F3239AA3CF /* IssuePrompts.swift */; };
		D97B67C5784EABAA2444D438 /* IssueToolbar.swift in Sources */ = {isa = PBXBuildFile; fileRef = A241350B2223FA06355C13DB /* IssueToolbar.swift */; };
		DA4C85566C711698B6BF66ED /* HostClient.swift in Sources */ = {isa = PBXBuildFile; fileRef = 53DE3A68946E9818C4FA0A43 /* HostClient.swift */; };
		DA71F32B2C8680BA6727A33E /* MediaKind.swift in Sources */ = {isa = PBXBuildFile; fileRef = 3E506CEBABA8892B98B49AE9 /* MediaKind.swift */; };
		DBB1DA472C3C955C75FF0A02 /* ChatterboxApp.swift in Sources */ = {isa = PBXBuildFile; fileRef = 8C1FB6523384620BBC3AA803 /* ChatterboxApp.swift */; };
		DC51D10E5DF21CACCBB580FC /* GitHub.swift in Sources */ = {isa = PBXBuildFile; fileRef = AA6AEF5454AAA03F422E2A83 /* GitHub.swift */; };
		DDA317C76C77D32F8E771879 /* main.swift in Sources */ = {isa = PBXBuildFile; fileRef = 8964CD6CAA729D104D06907D /* main.swift */; };
		E15919CC8FFE9211219CE4D3 /* AppModel.swift in Sources */ = {isa = PBXBuildFile; fileRef = CD00AEF264659F41BD565201 /* AppModel.swift */; };
		E1C44E3596764381659F6798 /* ChatSession+Host.swift in Sources */ = {isa = PBXBuildFile; fileRef = C2C217462B8D4C89A5A7EA27 /* ChatSession+Host.swift */; };
		E22DB2624AFD4563C0F980FF /* DotComputer in Resources */ = {isa = PBXBuildFile; fileRef = 93A0E090291B9EB427F7BF84 /* DotComputer */; };
		EC9341C03DCE541C4725D0DC /* ClaudeModels.swift in Sources */ = {isa = PBXBuildFile; fileRef = C908ABB4176D8FE6CE6F3FFE /* ClaudeModels.swift */; };
		EF5DAB17947D2B1CE75CF17A /* ChatterboxHost in Embed Dependencies */ = {isa = PBXBuildFile; fileRef = 480A4365D3D11CC93334737A /* ChatterboxHost */; settings = {ATTRIBUTES = (CodeSignOnCopy, RemoveHeadersOnCopy, ); }; };
		EFB541351775E9D69EF1DB32 /* ChatCommands.swift in Sources */ = {isa = PBXBuildFile; fileRef = 5F02305CEDD843C4F7102555 /* ChatCommands.swift */; };
		EFD44747D068E9E33D91A5B3 /* Assets.xcassets in Resources */ = {isa = PBXBuildFile; fileRef = 11C72805397B7C55E9C7D439 /* Assets.xcassets */; };
		F0BA2EB9603DFE1663656409 /* PermissionModes.swift in Sources */ = {isa = PBXBuildFile; fileRef = E9B61C2EF2A02F657ED19A6F /* PermissionModes.swift */; };
		F10CEDEDABF1B83F6E376F7E /* CompanionServer.swift in Sources */ = {isa = PBXBuildFile; fileRef = 350619589BFFE4830DF574FF /* CompanionServer.swift */; };
		F21C81EE917C3DB8A4CFD123 /* Usage.swift in Sources */ = {isa = PBXBuildFile; fileRef = 4BB7CFE60E88616572724762 /* Usage.swift */; };
		F72F71755FD8B1FC399BFE7E /* ImageReviewView.swift in Sources */ = {isa = PBXBuildFile; fileRef = 104FB766C1256BFEA4FF6CB3 /* ImageReviewView.swift */; };
		FAC498FD79276176BF7B6D3A /* ChatSession+Summary.swift in Sources */ = {isa = PBXBuildFile; fileRef = 294A0648C262A1713650E0D5 /* ChatSession+Summary.swift */; };
		FC8BFEAC696C3CA2113BA6E3 /* ChatSession+Remote.swift in Sources */ = {isa = PBXBuildFile; fileRef = 7879B0DF595BE1302E720912 /* ChatSession+Remote.swift */; };
		FF3C1F89AA5F1CE49531E94B /* ReaderStyle.swift in Sources */ = {isa = PBXBuildFile; fileRef = 2C1A01363F2ADC00DD3B34D0 /* ReaderStyle.swift */; };
/* End PBXBuildFile section */

/* Begin PBXContainerItemProxy section */
		36D9C35A2F71910A6A84E3D7 /* PBXContainerItemProxy */ = {
			isa = PBXContainerItemProxy;
			containerPortal = 332F3704E8BF10712F3EA051 /* Project object */;
			proxyType = 1;
			remoteGlobalIDString = 159C00E94E712B7D36CA0F6E;
			remoteInfo = ChatterboxMCP;
		};
		EEB5BAC35F3D9AC5EA999551 /* PBXContainerItemProxy */ = {
			isa = PBXContainerItemProxy;
			containerPortal = 332F3704E8BF10712F3EA051 /* Project object */;
			proxyType = 1;
			remoteGlobalIDString = D299F600849DAEBF23CE54AB;
			remoteInfo = ChatterboxHost;
		};
/* End PBXContainerItemProxy section */

/* Begin PBXCopyFilesBuildPhase section */
		0B9673928E888D70EF723F3E /* Embed Dependencies */ = {
			isa = PBXCopyFilesBuildPhase;
			buildActionMask = 2147483647;
			dstPath = "";
			dstSubfolderSpec = 6;
			files = (
				EF5DAB17947D2B1CE75CF17A /* ChatterboxHost in Embed Dependencies */,
				0A5854290E931E56FC4E4C9A /* ChatterboxMCP in Embed Dependencies */,
			);
			name = "Embed Dependencies";
			runOnlyForDeploymentPostprocessing = 0;
		};
/* End PBXCopyFilesBuildPhase section */

/* Begin PBXFileReference section */
		0178EBFCFA5C2E01B6F03C72 /* BackgroundWorkBar.swift */ = {isa = PBXFileReference; lastKnownFileType = sourcecode.swift; path = BackgroundWorkBar.swift; sourceTree = "<group>"; };
		0508B744152680991C2150CE /* DotActivity.swift */ = {isa = PBXFileReference; lastKnownFileType = sourcecode.swift; path = DotActivity.swift; sourceTree = "<group>"; };
		0629105A36394E1CD3331ACD /* Chatterbox.app */ = {isa = PBXFileReference; explicitFileType = wrapper.application; includeInIndex = 0; path = Chatterbox.app; sourceTree = BUILT_PRODUCTS_DIR; };
		064C3FB24651A1A367B53C36 /* CodexAppServer.swift */ = {isa = PBXFileReference; lastKnownFileType = sourcecode.swift; path = CodexAppServer.swift; sourceTree = "<group>"; };
		06B1A8FD57BD2D2C11BC4B51 /* Host.swift */ = {isa = PBXFileReference; lastKnownFileType = sourcecode.swift; path = Host.swift; sourceTree = "<group>"; };
		080FC1114275CCF21740784E /* Models.swift */ = {isa = PBXFileReference; lastKnownFileType = sourcecode.swift; path = Models.swift; sourceTree = "<group>"; };
		0881D3AFF484F1F3239AA3CF /* IssuePrompts.swift */ = {isa = PBXFileReference; lastKnownFileType = sourcecode.swift; path = IssuePrompts.swift; sourceTree = "<group>"; };
		09AB7F89AFDD18FEE5A95ADD /* ProjectSorting.swift */ = {isa = PBXFileReference; lastKnownFileType = sourcecode.swift; path = ProjectSorting.swift; sourceTree = "<group>"; };
		0C729E82E41C2C9B2BFD9932 /* TranscriptViews.swift */ = {isa = PBXFileReference; lastKnownFileType = sourcecode.swift; path = TranscriptViews.swift; sourceTree = "<group>"; };
		0DA9F0B419529549C12E3317 /* CompanionAPI.swift */ = {isa = PBXFileReference; lastKnownFileType = sourcecode.swift; path = CompanionAPI.swift; sourceTree = "<group>"; };
		104FB766C1256BFEA4FF6CB3 /* ImageReviewView.swift */ = {isa = PBXFileReference; lastKnownFileType = sourcecode.swift; path = ImageReviewView.swift; sourceTree = "<group>"; };
		11C72805397B7C55E9C7D439 /* Assets.xcassets */ = {isa = PBXFileReference; lastKnownFileType = folder.assetcatalog; path = Assets.xcassets; sourceTree = "<group>"; };
		14558A0837B25DEDA47B363D /* ModelPresets.swift */ = {isa = PBXFileReference; lastKnownFileType = sourcecode.swift; path = ModelPresets.swift; sourceTree = "<group>"; };
		199795CA97CD07D743A50C57 /* ChatterboxMCP */ = {isa = PBXFileReference; includeInIndex = 0; path = ChatterboxMCP; sourceTree = BUILT_PRODUCTS_DIR; };
		1AECAB552B28248B3461AC00 /* MarkdownText.swift */ = {isa = PBXFileReference; lastKnownFileType = sourcecode.swift; path = MarkdownText.swift; sourceTree = "<group>"; };
		1E0A3400587A22E3D749EF5D /* StudioInstructionsSheet.swift */ = {isa = PBXFileReference; lastKnownFileType = sourcecode.swift; path = StudioInstructionsSheet.swift; sourceTree = "<group>"; };
		263AB703BFEE4CE044BF0EEE /* Cards.swift */ = {isa = PBXFileReference; lastKnownFileType = sourcecode.swift; path = Cards.swift; sourceTree = "<group>"; };
		276EA46A76921A11440633E3 /* ItemView.swift */ = {isa = PBXFileReference; lastKnownFileType = sourcecode.swift; path = ItemView.swift; sourceTree = "<group>"; };
		294A0648C262A1713650E0D5 /* ChatSession+Summary.swift */ = {isa = PBXFileReference; lastKnownFileType = sourcecode.swift; path = "ChatSession+Summary.swift"; sourceTree = "<group>"; };
		2C1A01363F2ADC00DD3B34D0 /* ReaderStyle.swift */ = {isa = PBXFileReference; lastKnownFileType = sourcecode.swift; path = ReaderStyle.swift; sourceTree = "<group>"; };
		30AB9B96E1E8AE89ED5D5AD4 /* ChatSession+Claude.swift */ = {isa = PBXFileReference; lastKnownFileType = sourcecode.swift; path = "ChatSession+Claude.swift"; sourceTree = "<group>"; };
		350619589BFFE4830DF574FF /* CompanionServer.swift */ = {isa = PBXFileReference; lastKnownFileType = sourcecode.swift; path = CompanionServer.swift; sourceTree = "<group>"; };
		38A6B47F421A8E58569C626D /* Info.plist */ = {isa = PBXFileReference; lastKnownFileType = text.plist; path = Info.plist; sourceTree = "<group>"; };
		3B29BF52F3D3A9C7118F1AF5 /* ChatControls.swift */ = {isa = PBXFileReference; lastKnownFileType = sourcecode.swift; path = ChatControls.swift; sourceTree = "<group>"; };
		3C1127DC42D805D6EA8D1FCA /* ClaudeCode.swift */ = {isa = PBXFileReference; lastKnownFileType = sourcecode.swift; path = ClaudeCode.swift; sourceTree = "<group>"; };
		3CFDAD6610DE2982D43178FF /* DotComputerPanel.swift */ = {isa = PBXFileReference; lastKnownFileType = sourcecode.swift; path = DotComputerPanel.swift; sourceTree = "<group>"; };
		3D53ED2E09F1C71594BBEDC9 /* UsageMeter.swift */ = {isa = PBXFileReference; lastKnownFileType = sourcecode.swift; path = UsageMeter.swift; sourceTree = "<group>"; };
		3E506CEBABA8892B98B49AE9 /* MediaKind.swift */ = {isa = PBXFileReference; lastKnownFileType = sourcecode.swift; path = MediaKind.swift; sourceTree = "<group>"; };
		3FB49DE70CCD56E2122A67E6 /* MediaViews.swift */ = {isa = PBXFileReference; lastKnownFileType = sourcecode.swift; path = MediaViews.swift; sourceTree = "<group>"; };
		439370872F6E041E6DB407AF /* Dot.swift */ = {isa = PBXFileReference; lastKnownFileType = sourcecode.swift; path = Dot.swift; sourceTree = "<group>"; };
		440736B6996B651E0CC77FAE /* ChatSession+Tasks.swift */ = {isa = PBXFileReference; lastKnownFileType = sourcecode.swift; path = "ChatSession+Tasks.swift"; sourceTree = "<group>"; };
		44DA4B023806E1DA1F6C4174 /* ActivitySpinner.swift */ = {isa = PBXFileReference; lastKnownFileType = sourcecode.swift; path = ActivitySpinner.swift; sourceTree = "<group>"; };
		480A4365D3D11CC93334737A /* ChatterboxHost */ = {isa = PBXFileReference; includeInIndex = 0; path = ChatterboxHost; sourceTree = BUILT_PRODUCTS_DIR; };
		499506AD5BC0D2785F115FFA /* Tools.swift */ = {isa = PBXFileReference; lastKnownFileType = sourcecode.swift; path = Tools.swift; sourceTree = "<group>"; };
		4ABAE1B34A7039850D52C275 /* WebPane.swift */ = {isa = PBXFileReference; lastKnownFileType = sourcecode.swift; path = WebPane.swift; sourceTree = "<group>"; };
		4BB7CFE60E88616572724762 /* Usage.swift */ = {isa = PBXFileReference; lastKnownFileType = sourcecode.swift; path = Usage.swift; sourceTree = "<group>"; };
		4E2EAD6E5E9A45856F6E8311 /* ChatView.swift */ = {isa = PBXFileReference; lastKnownFileType = sourcecode.swift; path = ChatView.swift; sourceTree = "<group>"; };
		505EA4AEFE9AD144D1946F33 /* SettingsView.swift */ = {isa = PBXFileReference; lastKnownFileType = sourcecode.swift; path = SettingsView.swift; sourceTree = "<group>"; };
		50C34CF3713DD45D9DE202B1 /* BackgroundTasks.swift */ = {isa = PBXFileReference; lastKnownFileType = sourcecode.swift; path = BackgroundTasks.swift; sourceTree = "<group>"; };
		5320CE9CF68399C5A7BDC4C6 /* CloneFromGitHubView.swift */ = {isa = PBXFileReference; lastKnownFileType = sourcecode.swift; path = CloneFromGitHubView.swift; sourceTree = "<group>"; };
		53DE3A68946E9818C4FA0A43 /* HostClient.swift */ = {isa = PBXFileReference; lastKnownFileType = sourcecode.swift; path = HostClient.swift; sourceTree = "<group>"; };
		5A73BD0BC4502C3B3EDEDC9F /* MobileHTMLPreview.swift */ = {isa = PBXFileReference; lastKnownFileType = sourcecode.swift; path = MobileHTMLPreview.swift; sourceTree = "<group>"; };
		5F02305CEDD843C4F7102555 /* ChatCommands.swift */ = {isa = PBXFileReference; lastKnownFileType = sourcecode.swift; path = ChatCommands.swift; sourceTree = "<group>"; };
		667AC120BEF5177C4AB1C659 /* MobileStore.swift */ = {isa = PBXFileReference; lastKnownFileType = sourcecode.swift; path = MobileStore.swift; sourceTree = "<group>"; };
		67B6115C97D436D69FEDDE1D /* Child.swift */ = {isa = PBXFileReference; lastKnownFileType = sourcecode.swift; path = Child.swift; sourceTree = "<group>"; };
		69DC84E40F7F1834C97EA642 /* PinsAndExtras.swift */ = {isa = PBXFileReference; lastKnownFileType = sourcecode.swift; path = PinsAndExtras.swift; sourceTree = "<group>"; };
		71143A69C2726A534266C3D2 /* EmailWatch.swift */ = {isa = PBXFileReference; lastKnownFileType = sourcecode.swift; path = EmailWatch.swift; sourceTree = "<group>"; };
		7512E0CF8399135EBA039ADD /* CompanionSettingsView.swift */ = {isa = PBXFileReference; lastKnownFileType = sourcecode.swift; path = CompanionSettingsView.swift; sourceTree = "<group>"; };
		7879B0DF595BE1302E720912 /* ChatSession+Remote.swift */ = {isa = PBXFileReference; lastKnownFileType = sourcecode.swift; path = "ChatSession+Remote.swift"; sourceTree = "<group>"; };
		7AE34F98053ECFEA403086E4 /* NewProjectSheet.swift */ = {isa = PBXFileReference; lastKnownFileType = sourcecode.swift; path = NewProjectSheet.swift; sourceTree = "<group>"; };
		810B1E930CEA28FEE5661A03 /* ChatterboxMobileApp.swift */ = {isa = PBXFileReference; lastKnownFileType = sourcecode.swift; path = ChatterboxMobileApp.swift; sourceTree = "<group>"; };
		81CB1480DDAC4ED36BEDA1BA /* ChatDetailView.swift */ = {isa = PBXFileReference; lastKnownFileType = sourcecode.swift; path = ChatDetailView.swift; sourceTree = "<group>"; };
		8689DF6B99431EBDF5A4BE52 /* HostProtocol.swift */ = {isa = PBXFileReference; lastKnownFileType = sourcecode.swift; path = HostProtocol.swift; sourceTree = "<group>"; };
		8964CD6CAA729D104D06907D /* main.swift */ = {isa = PBXFileReference; lastKnownFileType = sourcecode.swift; path = main.swift; sourceTree = "<group>"; };
		8A195847F26FA0A20E3EC6D6 /* QuickSwitcher.swift */ = {isa = PBXFileReference; lastKnownFileType = sourcecode.swift; path = QuickSwitcher.swift; sourceTree = "<group>"; };
		8B92F8FDD1CBCE6C1FE09B53 /* IssuesPanel.swift */ = {isa = PBXFileReference; lastKnownFileType = sourcecode.swift; path = IssuesPanel.swift; sourceTree = "<group>"; };
		8C1FB6523384620BBC3AA803 /* ChatterboxApp.swift */ = {isa = PBXFileReference; lastKnownFileType = sourcecode.swift; path = ChatterboxApp.swift; sourceTree = "<group>"; };
		8F15AA06275FEBC5A7954E50 /* Studios.swift */ = {isa = PBXFileReference; lastKnownFileType = sourcecode.swift; path = Studios.swift; sourceTree = "<group>"; };
		8FACABAADB1BC61CD83F6473 /* OutputBuffer.swift */ = {isa = PBXFileReference; lastKnownFileType = sourcecode.swift; path = OutputBuffer.swift; sourceTree = "<group>"; };
		93A0E090291B9EB427F7BF84 /* DotComputer */ = {isa = PBXFileReference; lastKnownFileType = folder; path = DotComputer; sourceTree = SOURCE_ROOT; };
		975B4C8301A9C31E898E446F /* ChatListView.swift */ = {isa = PBXFileReference; lastKnownFileType = sourcecode.swift; path = ChatListView.swift; sourceTree = "<group>"; };
		A125487FAFCF644CD583045D /* Prompts.swift */ = {isa = PBXFileReference; lastKnownFileType = sourcecode.swift; path = Prompts.swift; sourceTree = "<group>"; };
		A241350B2223FA06355C13DB /* IssueToolbar.swift */ = {isa = PBXFileReference; lastKnownFileType = sourcecode.swift; path = IssueToolbar.swift; sourceTree = "<group>"; };
		A25AF49642A0603DB9DB1791 /* PinsSection.swift */ = {isa = PBXFileReference; lastKnownFileType = sourcecode.swift; path = PinsSection.swift; sourceTree = "<group>"; };
		A498BC502E33561D11D733D5 /* ChatSession+Issues.swift */ = {isa = PBXFileReference; lastKnownFileType = sourcecode.swift; path = "ChatSession+Issues.swift"; sourceTree = "<group>"; };
		A81413A73CF1A4475E1CF397 /* Pins.swift */ = {isa = PBXFileReference; lastKnownFileType = sourcecode.swift; path = Pins.swift; sourceTree = "<group>"; };
		A8CC235964DF222CEF117DF4 /* ChatSettingsSheet.swift */ = {isa = PBXFileReference; lastKnownFileType = sourcecode.swift; path = ChatSettingsSheet.swift; sourceTree = "<group>"; };
		AA6AEF5454AAA03F422E2A83 /* GitHub.swift */ = {isa = PBXFileReference; lastKnownFileType = sourcecode.swift; path = GitHub.swift; sourceTree = "<group>"; };
		B1C78CCD40D63AF4DE7EF42C /* HTMLPreview.swift */ = {isa = PBXFileReference; lastKnownFileType = sourcecode.swift; path = HTMLPreview.swift; sourceTree = "<group>"; };
		B42971FF65DCD021D97664C9 /* DotComputer.swift */ = {isa = PBXFileReference; lastKnownFileType = sourcecode.swift; path = DotComputer.swift; sourceTree = "<group>"; };
		B6987D2087FA491665C4A101 /* SketchView.swift */ = {isa = PBXFileReference; lastKnownFileType = sourcecode.swift; path = SketchView.swift; sourceTree = "<group>"; };
		B6E27AB1CACAD956FA3953FA /* GitHubIssues.swift */ = {isa = PBXFileReference; lastKnownFileType = sourcecode.swift; path = GitHubIssues.swift; sourceTree = "<group>"; };
		B7E0882B1086EDE675468281 /* MobileMedia.swift */ = {isa = PBXFileReference; lastKnownFileType = sourcecode.swift; path = MobileMedia.swift; sourceTree = "<group>"; };
		B9675867775B38402C20AED2 /* AVKit.framework */ = {isa = PBXFileReference; lastKnownFileType = wrapper.framework; name = AVKit.framework; path = System/Library/Frameworks/AVKit.framework; sourceTree = SDKROOT; };
		BACD3896247941A01A6F39FB /* PathLinks.swift */ = {isa = PBXFileReference; lastKnownFileType = sourcecode.swift; path = PathLinks.swift; sourceTree = "<group>"; };
		C08B129E8E0D95F8D6A73710 /* ChatSession+Codex.swift */ = {isa = PBXFileReference; lastKnownFileType = sourcecode.swift; path = "ChatSession+Codex.swift"; sourceTree = "<group>"; };
		C2C217462B8D4C89A5A7EA27 /* ChatSession+Host.swift */ = {isa = PBXFileReference; lastKnownFileType = sourcecode.swift; path = "ChatSession+Host.swift"; sourceTree = "<group>"; };
		C8EB85AF0736434980646DAF /* ChatSession.swift */ = {isa = PBXFileReference; lastKnownFileType = sourcecode.swift; path = ChatSession.swift; sourceTree = "<group>"; };
		C908ABB4176D8FE6CE6F3FFE /* ClaudeModels.swift */ = {isa = PBXFileReference; lastKnownFileType = sourcecode.swift; path = ClaudeModels.swift; sourceTree = "<group>"; };
		CD00AEF264659F41BD565201 /* AppModel.swift */ = {isa = PBXFileReference; lastKnownFileType = sourcecode.swift; path = AppModel.swift; sourceTree = "<group>"; };
		CF9340FA80FF7F326D72A011 /* ChatterboxMobile.app */ = {isa = PBXFileReference; includeInIndex = 0; lastKnownFileType = wrapper.application; path = ChatterboxMobile.app; sourceTree = BUILT_PRODUCTS_DIR; };
		D23F411A39522520E8F10339 /* ModelPicker.swift */ = {isa = PBXFileReference; lastKnownFileType = sourcecode.swift; path = ModelPicker.swift; sourceTree = "<group>"; };
		D3AE88BF63DE274A9EC0194F /* Backend.swift */ = {isa = PBXFileReference; lastKnownFileType = sourcecode.swift; path = Backend.swift; sourceTree = "<group>"; };
		DBCA3F2B7277E38C199221AE /* Attachments.swift */ = {isa = PBXFileReference; lastKnownFileType = sourcecode.swift; path = Attachments.swift; sourceTree = "<group>"; };
		DD71DB30FA4E56547B5EDD95 /* ContentView.swift */ = {isa = PBXFileReference; lastKnownFileType = sourcecode.swift; path = ContentView.swift; sourceTree = "<group>"; };
		E34B3EA688DB4D5120202F4A /* Attention.swift */ = {isa = PBXFileReference; lastKnownFileType = sourcecode.swift; path = Attention.swift; sourceTree = "<group>"; };
		E46453278256F9AB1A12CC8B /* ChatSession+Shell.swift */ = {isa = PBXFileReference; lastKnownFileType = sourcecode.swift; path = "ChatSession+Shell.swift"; sourceTree = "<group>"; };
		E7786246032F89E4E0C70184 /* ChatSession+Status.swift */ = {isa = PBXFileReference; lastKnownFileType = sourcecode.swift; path = "ChatSession+Status.swift"; sourceTree = "<group>"; };
		E9B61C2EF2A02F657ED19A6F /* PermissionModes.swift */ = {isa = PBXFileReference; lastKnownFileType = sourcecode.swift; path = PermissionModes.swift; sourceTree = "<group>"; };
		EB27A16AB61425271FAD9777 /* JSON.swift */ = {isa = PBXFileReference; lastKnownFileType = sourcecode.swift; path = JSON.swift; sourceTree = "<group>"; };
		ECA1859EDFB04B0FBAF13AFC /* SlashCommands.swift */ = {isa = PBXFileReference; lastKnownFileType = sourcecode.swift; path = SlashCommands.swift; sourceTree = "<group>"; };
		F2C1C43F95036114D2130B81 /* Chatterbox.entitlements */ = {isa = PBXFileReference; lastKnownFileType = text.plist.entitlements; path = Chatterbox.entitlements; sourceTree = "<group>"; };
		F3DC91A879146D9B37CA06E3 /* Assets.xcassets */ = {isa = PBXFileReference; lastKnownFileType = folder.assetcatalog; path = Assets.xcassets; sourceTree = "<group>"; };
		F5955B401AB9BC438178B6BD /* Dictation.swift */ = {isa = PBXFileReference; lastKnownFileType = sourcecode.swift; path = Dictation.swift; sourceTree = "<group>"; };
		F8396140D14FE6E04F22C13F /* prompts */ = {isa = PBXFileReference; lastKnownFileType = folder; path = prompts; sourceTree = SOURCE_ROOT; };
		F90E1FEF54757E746B104D0F /* main.swift */ = {isa = PBXFileReference; lastKnownFileType = sourcecode.swift; path = main.swift; sourceTree = "<group>"; };
/* End PBXFileReference section */

/* Begin PBXFrameworksBuildPhase section */
		B89A04901CAAD54BB3EDDCD5 /* Frameworks */ = {
			isa = PBXFrameworksBuildPhase;
			buildActionMask = 2147483647;
			files = (
				18BD8FFA77ACC927ACAEC416 /* AVKit.framework in Frameworks */,
			);
			runOnlyForDeploymentPostprocessing = 0;
		};
/* End PBXFrameworksBuildPhase section */

/* Begin PBXGroup section */
		02EA32BB5740413AEB84E174 /* ChatterboxHost */ = {
			isa = PBXGroup;
			children = (
				67B6115C97D436D69FEDDE1D /* Child.swift */,
				06B1A8FD57BD2D2C11BC4B51 /* Host.swift */,
				F90E1FEF54757E746B104D0F /* main.swift */,
				8FACABAADB1BC61CD83F6473 /* OutputBuffer.swift */,
			);
			path = ChatterboxHost;
			sourceTree = "<group>";
		};
		154C18D3935765CA48CB7EE9 /* Chatterbox */ = {
			isa = PBXGroup;
			children = (
				F3DC91A879146D9B37CA06E3 /* Assets.xcassets */,
				F2C1C43F95036114D2130B81 /* Chatterbox.entitlements */,
				8C1FB6523384620BBC3AA803 /* ChatterboxApp.swift */,
				92CED892F42B9276D5E5CF11 /* Engine */,
				51435F2C976A70B7F3033B6A /* Support */,
				E0902A5E1F9A7DBAB1C7EC32 /* Views */,
			);
			path = Chatterbox;
			sourceTree = "<group>";
		};
		23F87C5E2E945F111C863034 /* Frameworks */ = {
			isa = PBXGroup;
			children = (
				B9675867775B38402C20AED2 /* AVKit.framework */,
			);
			name = Frameworks;
			sourceTree = "<group>";
		};
		2F9592D1030ED1DCAA887DA5 /* Products */ = {
			isa = PBXGroup;
			children = (
				0629105A36394E1CD3331ACD /* Chatterbox.app */,
				480A4365D3D11CC93334737A /* ChatterboxHost */,
				199795CA97CD07D743A50C57 /* ChatterboxMCP */,
				CF9340FA80FF7F326D72A011 /* ChatterboxMobile.app */,
			);
			name = Products;
			sourceTree = "<group>";
		};
		51435F2C976A70B7F3033B6A /* Support */ = {
			isa = PBXGroup;
			children = (
				DBCA3F2B7277E38C199221AE /* Attachments.swift */,
				8689DF6B99431EBDF5A4BE52 /* HostProtocol.swift */,
				EB27A16AB61425271FAD9777 /* JSON.swift */,
			);
			path = Support;
			sourceTree = "<group>";
		};
		92CED892F42B9276D5E5CF11 /* Engine */ = {
			isa = PBXGroup;
			children = (
				CD00AEF264659F41BD565201 /* AppModel.swift */,
				E34B3EA688DB4D5120202F4A /* Attention.swift */,
				50C34CF3713DD45D9DE202B1 /* BackgroundTasks.swift */,
				C8EB85AF0736434980646DAF /* ChatSession.swift */,
				30AB9B96E1E8AE89ED5D5AD4 /* ChatSession+Claude.swift */,
				C08B129E8E0D95F8D6A73710 /* ChatSession+Codex.swift */,
				C2C217462B8D4C89A5A7EA27 /* ChatSession+Host.swift */,
				A498BC502E33561D11D733D5 /* ChatSession+Issues.swift */,
				7879B0DF595BE1302E720912 /* ChatSession+Remote.swift */,
				E46453278256F9AB1A12CC8B /* ChatSession+Shell.swift */,
				E7786246032F89E4E0C70184 /* ChatSession+Status.swift */,
				294A0648C262A1713650E0D5 /* ChatSession+Summary.swift */,
				440736B6996B651E0CC77FAE /* ChatSession+Tasks.swift */,
				3C1127DC42D805D6EA8D1FCA /* ClaudeCode.swift */,
				C908ABB4176D8FE6CE6F3FFE /* ClaudeModels.swift */,
				064C3FB24651A1A367B53C36 /* CodexAppServer.swift */,
				350619589BFFE4830DF574FF /* CompanionServer.swift */,
				439370872F6E041E6DB407AF /* Dot.swift */,
				0508B744152680991C2150CE /* DotActivity.swift */,
				B42971FF65DCD021D97664C9 /* DotComputer.swift */,
				71143A69C2726A534266C3D2 /* EmailWatch.swift */,
				AA6AEF5454AAA03F422E2A83 /* GitHub.swift */,
				B6E27AB1CACAD956FA3953FA /* GitHubIssues.swift */,
				53DE3A68946E9818C4FA0A43 /* HostClient.swift */,
				0881D3AFF484F1F3239AA3CF /* IssuePrompts.swift */,
				14558A0837B25DEDA47B363D /* ModelPresets.swift */,
				080FC1114275CCF21740784E /* Models.swift */,
				E9B61C2EF2A02F657ED19A6F /* PermissionModes.swift */,
				A81413A73CF1A4475E1CF397 /* Pins.swift */,
				09AB7F89AFDD18FEE5A95ADD /* ProjectSorting.swift */,
				A125487FAFCF644CD583045D /* Prompts.swift */,
				ECA1859EDFB04B0FBAF13AFC /* SlashCommands.swift */,
				8F15AA06275FEBC5A7954E50 /* Studios.swift */,
				499506AD5BC0D2785F115FFA /* Tools.swift */,
				4BB7CFE60E88616572724762 /* Usage.swift */,
			);
			path = Engine;
			sourceTree = "<group>";
		};
		A7DB699FF1B4A1B6456E2A07 = {
			isa = PBXGroup;
			children = (
				93A0E090291B9EB427F7BF84 /* DotComputer */,
				F8396140D14FE6E04F22C13F /* prompts */,
				154C18D3935765CA48CB7EE9 /* Chatterbox */,
				02EA32BB5740413AEB84E174 /* ChatterboxHost */,
				BEA4E58928416F73C90BFFA2 /* ChatterboxMCP */,
				E2635671C5C6C1D1304588F2 /* ChatterboxMobile */,
				C6B12A3603C9CF94D6D9FD59 /* Shared */,
				23F87C5E2E945F111C863034 /* Frameworks */,
				2F9592D1030ED1DCAA887DA5 /* Products */,
			);
			sourceTree = "<group>";
		};
		BEA4E58928416F73C90BFFA2 /* ChatterboxMCP */ = {
			isa = PBXGroup;
			children = (
				8964CD6CAA729D104D06907D /* main.swift */,
			);
			path = ChatterboxMCP;
			sourceTree = "<group>";
		};
		C6B12A3603C9CF94D6D9FD59 /* Shared */ = {
			isa = PBXGroup;
			children = (
				D3AE88BF63DE274A9EC0194F /* Backend.swift */,
				0DA9F0B419529549C12E3317 /* CompanionAPI.swift */,
				3E506CEBABA8892B98B49AE9 /* MediaKind.swift */,
			);
			path = Shared;
			sourceTree = "<group>";
		};
		E0902A5E1F9A7DBAB1C7EC32 /* Views */ = {
			isa = PBXGroup;
			children = (
				44DA4B023806E1DA1F6C4174 /* ActivitySpinner.swift */,
				0178EBFCFA5C2E01B6F03C72 /* BackgroundWorkBar.swift */,
				5F02305CEDD843C4F7102555 /* ChatCommands.swift */,
				3B29BF52F3D3A9C7118F1AF5 /* ChatControls.swift */,
				4E2EAD6E5E9A45856F6E8311 /* ChatView.swift */,
				5320CE9CF68399C5A7BDC4C6 /* CloneFromGitHubView.swift */,
				7512E0CF8399135EBA039ADD /* CompanionSettingsView.swift */,
				DD71DB30FA4E56547B5EDD95 /* ContentView.swift */,
				3CFDAD6610DE2982D43178FF /* DotComputerPanel.swift */,
				B1C78CCD40D63AF4DE7EF42C /* HTMLPreview.swift */,
				104FB766C1256BFEA4FF6CB3 /* ImageReviewView.swift */,
				8B92F8FDD1CBCE6C1FE09B53 /* IssuesPanel.swift */,
				A241350B2223FA06355C13DB /* IssueToolbar.swift */,
				276EA46A76921A11440633E3 /* ItemView.swift */,
				1AECAB552B28248B3461AC00 /* MarkdownText.swift */,
				3FB49DE70CCD56E2122A67E6 /* MediaViews.swift */,
				D23F411A39522520E8F10339 /* ModelPicker.swift */,
				7AE34F98053ECFEA403086E4 /* NewProjectSheet.swift */,
				BACD3896247941A01A6F39FB /* PathLinks.swift */,
				A25AF49642A0603DB9DB1791 /* PinsSection.swift */,
				8A195847F26FA0A20E3EC6D6 /* QuickSwitcher.swift */,
				2C1A01363F2ADC00DD3B34D0 /* ReaderStyle.swift */,
				505EA4AEFE9AD144D1946F33 /* SettingsView.swift */,
				1E0A3400587A22E3D749EF5D /* StudioInstructionsSheet.swift */,
				3D53ED2E09F1C71594BBEDC9 /* UsageMeter.swift */,
				4ABAE1B34A7039850D52C275 /* WebPane.swift */,
			);
			path = Views;
			sourceTree = "<group>";
		};
		E2635671C5C6C1D1304588F2 /* ChatterboxMobile */ = {
			isa = PBXGroup;
			children = (
				11C72805397B7C55E9C7D439 /* Assets.xcassets */,
				263AB703BFEE4CE044BF0EEE /* Cards.swift */,
				81CB1480DDAC4ED36BEDA1BA /* ChatDetailView.swift */,
				975B4C8301A9C31E898E446F /* ChatListView.swift */,
				A8CC235964DF222CEF117DF4 /* ChatSettingsSheet.swift */,
				810B1E930CEA28FEE5661A03 /* ChatterboxMobileApp.swift */,
				F5955B401AB9BC438178B6BD /* Dictation.swift */,
				38A6B47F421A8E58569C626D /* Info.plist */,
				5A73BD0BC4502C3B3EDEDC9F /* MobileHTMLPreview.swift */,
				B7E0882B1086EDE675468281 /* MobileMedia.swift */,
				667AC120BEF5177C4AB1C659 /* MobileStore.swift */,
				69DC84E40F7F1834C97EA642 /* PinsAndExtras.swift */,
				B6987D2087FA491665C4A101 /* SketchView.swift */,
				0C729E82E41C2C9B2BFD9932 /* TranscriptViews.swift */,
			);
			path = ChatterboxMobile;
			sourceTree = "<group>";
		};
/* End PBXGroup section */

/* Begin PBXNativeTarget section */
		0EDE58C1EB54E97B61C026DA /* Chatterbox */ = {
			isa = PBXNativeTarget;
			buildConfigurationList = A439BB26D83936F45014C1E0 /* Build configuration list for PBXNativeTarget "Chatterbox" */;
			buildPhases = (
				255DC9366C19CDD274DB94A8 /* Sources */,
				F9B7AF6DE048FF2E6DEB3180 /* Resources */,
				B89A04901CAAD54BB3EDDCD5 /* Frameworks */,
				0B9673928E888D70EF723F3E /* Embed Dependencies */,
			);
			buildRules = (
			);
			dependencies = (
				BDFAB3564F6F8952CBE2E171 /* PBXTargetDependency */,
				4A00938F9A13CE96D8CA4EB8 /* PBXTargetDependency */,
			);
			name = Chatterbox;
			packageProductDependencies = (
			);
			productName = Chatterbox;
			productReference = 0629105A36394E1CD3331ACD /* Chatterbox.app */;
			productType = "com.apple.product-type.application";
		};
		159C00E94E712B7D36CA0F6E /* ChatterboxMCP */ = {
			isa = PBXNativeTarget;
			buildConfigurationList = 277FD40FDB9FCF2D930BE55E /* Build configuration list for PBXNativeTarget "ChatterboxMCP" */;
			buildPhases = (
				0B90CC0D3DF40E753B114B7B /* Sources */,
			);
			buildRules = (
			);
			dependencies = (
			);
			name = ChatterboxMCP;
			packageProductDependencies = (
			);
			productName = ChatterboxMCP;
			productReference = 199795CA97CD07D743A50C57 /* ChatterboxMCP */;
			productType = "com.apple.product-type.tool";
		};
		578988CD38A582FB0EF4CA0C /* ChatterboxMobile */ = {
			isa = PBXNativeTarget;
			buildConfigurationList = C55E79A0A87CD7D5785E064C /* Build configuration list for PBXNativeTarget "ChatterboxMobile" */;
			buildPhases = (
				97F2FCDBAB73EB8D988AF393 /* Sources */,
				CFF72267322F674B1B1FA945 /* Resources */,
			);
			buildRules = (
			);
			dependencies = (
			);
			name = ChatterboxMobile;
			packageProductDependencies = (
			);
			productName = ChatterboxMobile;
			productReference = CF9340FA80FF7F326D72A011 /* ChatterboxMobile.app */;
			productType = "com.apple.product-type.application";
		};
		D299F600849DAEBF23CE54AB /* ChatterboxHost */ = {
			isa = PBXNativeTarget;
			buildConfigurationList = F5339E05129197989F6DF0D0 /* Build configuration list for PBXNativeTarget "ChatterboxHost" */;
			buildPhases = (
				77FF22FDE15D8731597D3D90 /* Sources */,
			);
			buildRules = (
			);
			dependencies = (
			);
			name = ChatterboxHost;
			packageProductDependencies = (
			);
			productName = ChatterboxHost;
			productReference = 480A4365D3D11CC93334737A /* ChatterboxHost */;
			productType = "com.apple.product-type.tool";
		};
/* End PBXNativeTarget section */

/* Begin PBXProject section */
		332F3704E8BF10712F3EA051 /* Project object */ = {
			isa = PBXProject;
			attributes = {
				BuildIndependentTargetsInParallel = YES;
				LastUpgradeCheck = 1430;
				TargetAttributes = {
					0EDE58C1EB54E97B61C026DA = {
						ProvisioningStyle = Manual;
					};
					159C00E94E712B7D36CA0F6E = {
						ProvisioningStyle = Manual;
					};
					578988CD38A582FB0EF4CA0C = {
						DevelopmentTeam = 9F3MKVW9C5;
						ProvisioningStyle = Automatic;
					};
					D299F600849DAEBF23CE54AB = {
						ProvisioningStyle = Manual;
					};
				};
			};
			buildConfigurationList = 4AD292C40E7441FA1063C3B7 /* Build configuration list for PBXProject "Chatterbox" */;
			developmentRegion = en;
			hasScannedForEncodings = 0;
			knownRegions = (
				Base,
				en,
			);
			mainGroup = A7DB699FF1B4A1B6456E2A07;
			minimizedProjectReferenceProxies = 1;
			preferredProjectObjectVersion = 77;
			productRefGroup = 2F9592D1030ED1DCAA887DA5 /* Products */;
			projectDirPath = "";
			projectRoot = "";
			targets = (
				0EDE58C1EB54E97B61C026DA /* Chatterbox */,
				D299F600849DAEBF23CE54AB /* ChatterboxHost */,
				159C00E94E712B7D36CA0F6E /* ChatterboxMCP */,
				578988CD38A582FB0EF4CA0C /* ChatterboxMobile */,
			);
		};
/* End PBXProject section */

/* Begin PBXResourcesBuildPhase section */
		CFF72267322F674B1B1FA945 /* Resources */ = {
			isa = PBXResourcesBuildPhase;
			buildActionMask = 2147483647;
			files = (
				EFD44747D068E9E33D91A5B3 /* Assets.xcassets in Resources */,
			);
			runOnlyForDeploymentPostprocessing = 0;
		};
		F9B7AF6DE048FF2E6DEB3180 /* Resources */ = {
			isa = PBXResourcesBuildPhase;
			buildActionMask = 2147483647;
			files = (
				17BF765717748A9396DC6875 /* Assets.xcassets in Resources */,
				E22DB2624AFD4563C0F980FF /* DotComputer in Resources */,
				42E0AA7989519D1AC9812E73 /* prompts in Resources */,
			);
			runOnlyForDeploymentPostprocessing = 0;
		};
/* End PBXResourcesBuildPhase section */

/* Begin PBXSourcesBuildPhase section */
		0B90CC0D3DF40E753B114B7B /* Sources */ = {
			isa = PBXSourcesBuildPhase;
			buildActionMask = 2147483647;
			files = (
				DDA317C76C77D32F8E771879 /* main.swift in Sources */,
			);
			runOnlyForDeploymentPostprocessing = 0;
		};
		255DC9366C19CDD274DB94A8 /* Sources */ = {
			isa = PBXSourcesBuildPhase;
			buildActionMask = 2147483647;
			files = (
				83DFF330821ADECCFAC9F161 /* ActivitySpinner.swift in Sources */,
				E15919CC8FFE9211219CE4D3 /* AppModel.swift in Sources */,
				D05B92875B687F85956F41CE /* Attachments.swift in Sources */,
				185FE4741650353C7DB76AFB /* Attention.swift in Sources */,
				A31A7170DFE0B779E48AA163 /* Backend.swift in Sources */,
				7949AF037EC20688BA18CE32 /* BackgroundTasks.swift in Sources */,
				7C7B993E45FFCD02FDE64010 /* BackgroundWorkBar.swift in Sources */,
				EFB541351775E9D69EF1DB32 /* ChatCommands.swift in Sources */,
				AFC77A37FA9A7CBD63395183 /* ChatControls.swift in Sources */,
				677C1381F02D81FD79F34CB5 /* ChatSession+Claude.swift in Sources */,
				27CCD67483D16BEF45FE4EE5 /* ChatSession+Codex.swift in Sources */,
				E1C44E3596764381659F6798 /* ChatSession+Host.swift in Sources */,
				CD177B0129A911BCBAFC510C /* ChatSession+Issues.swift in Sources */,
				FC8BFEAC696C3CA2113BA6E3 /* ChatSession+Remote.swift in Sources */,
				5E7A560F77F5DFA853740235 /* ChatSession+Shell.swift in Sources */,
				8FD50A86B332AEA5CCEBC1C5 /* ChatSession+Status.swift in Sources */,
				FAC498FD79276176BF7B6D3A /* ChatSession+Summary.swift in Sources */,
				A0100C9B64BAF5689FC7AB7C /* ChatSession+Tasks.swift in Sources */,
				56DEB72E6A453ED7B082FBF2 /* ChatSession.swift in Sources */,
				59195F258EBFC06595C7CBA3 /* ChatView.swift in Sources */,
				DBB1DA472C3C955C75FF0A02 /* ChatterboxApp.swift in Sources */,
				0A214F2ADBCFE126AC279AE6 /* ClaudeCode.swift in Sources */,
				EC9341C03DCE541C4725D0DC /* ClaudeModels.swift in Sources */,
				5CBC37DD0167C0D78291D969 /* CloneFromGitHubView.swift in Sources */,
				38C35AD484F69B297C79B9B8 /* CodexAppServer.swift in Sources */,
				46F0BBABEE7FA9EEAE34F7F5 /* CompanionAPI.swift in Sources */,
				F10CEDEDABF1B83F6E376F7E /* CompanionServer.swift in Sources */,
				9DF7EBF422F384BBAE453053 /* CompanionSettingsView.swift in Sources */,
				4CB7C3DF87AF4FBAEC98BCC6 /* ContentView.swift in Sources */,
				61B0870D58D1582854C7C5A3 /* Dot.swift in Sources */,
				ABF8489B231E5AD2D1054115 /* DotActivity.swift in Sources */,
				A41270E739E88B0AB0705525 /* DotComputer.swift in Sources */,
				24A8E16AFA68E1C800EC40D2 /* DotComputerPanel.swift in Sources */,
				9921B3994F4867053CC25CBF /* EmailWatch.swift in Sources */,
				DC51D10E5DF21CACCBB580FC /* GitHub.swift in Sources */,
				B0D3B88622199B555C471C0D /* GitHubIssues.swift in Sources */,
				70E0577C44E42D83B1414BD9 /* HTMLPreview.swift in Sources */,
				DA4C85566C711698B6BF66ED /* HostClient.swift in Sources */,
				1417AE929D75C1B17835DCF3 /* HostProtocol.swift in Sources */,
				F72F71755FD8B1FC399BFE7E /* ImageReviewView.swift in Sources */,
				D47A8E4BD002D63560FFCEA4 /* IssuePrompts.swift in Sources */,
				D97B67C5784EABAA2444D438 /* IssueToolbar.swift in Sources */,
				C85296D19896FD1C9A314F1E /* IssuesPanel.swift in Sources */,
				40F22648E6D7DC9D88380151 /* ItemView.swift in Sources */,
				CE30B4EEBFE555395108BE6D /* JSON.swift in Sources */,
				8F2C622501AF80BFE5C23E4C /* MarkdownText.swift in Sources */,
				44658C948D45F241891438FB /* MediaKind.swift in Sources */,
				4D1F421A53DFA98E7368D46D /* MediaViews.swift in Sources */,
				88E2F788E3E0BEA4CC762830 /* ModelPicker.swift in Sources */,
				0D8842689F17DD0539AB0255 /* ModelPresets.swift in Sources */,
				014303E35CBFA0DAA254EC00 /* Models.swift in Sources */,
				CF8128373420B57317F96D90 /* NewProjectSheet.swift in Sources */,
				757230ABE064F535ABB98E03 /* PathLinks.swift in Sources */,
				F0BA2EB9603DFE1663656409 /* PermissionModes.swift in Sources */,
				0B91C5988467BFB685D8B2C7 /* Pins.swift in Sources */,
				0D0AA5565003163647FC890D /* PinsSection.swift in Sources */,
				C25D9B75AE6501C525DCF1A0 /* ProjectSorting.swift in Sources */,
				6875959B38D397F1DFD46A74 /* Prompts.swift in Sources */,
				7DDA7CD35006881E95258A76 /* QuickSwitcher.swift in Sources */,
				1896760BB7DB3AE32FB3F975 /* ReaderStyle.swift in Sources */,
				4E46C4A6103079CF90E5C54A /* SettingsView.swift in Sources */,
				6DBCD914CBA6AE11534A1FBF /* SlashCommands.swift in Sources */,
				453FCA51C187EE207D6D2540 /* StudioInstructionsSheet.swift in Sources */,
				6BB7A853F269907F28A02EDD /* Studios.swift in Sources */,
				940BEE582E0F42AC32B5BB15 /* Tools.swift in Sources */,
				F21C81EE917C3DB8A4CFD123 /* Usage.swift in Sources */,
				BC976CA7BD9AE7FB18B189EA /* UsageMeter.swift in Sources */,
				25A75E689316C0AFEEA9CE52 /* WebPane.swift in Sources */,
			);
			runOnlyForDeploymentPostprocessing = 0;
		};
		77FF22FDE15D8731597D3D90 /* Sources */ = {
			isa = PBXSourcesBuildPhase;
			buildActionMask = 2147483647;
			files = (
				81391861CA4A3E9466F6959F /* Child.swift in Sources */,
				57D138F3E0F30EAC4F1EF78D /* Host.swift in Sources */,
				96757C4FC62A060878D6DFCD /* HostProtocol.swift in Sources */,
				A10A74A5566CCBD7F498FD47 /* JSON.swift in Sources */,
				3D9C474E0171D07BCFD3E783 /* OutputBuffer.swift in Sources */,
				0C05433F3D417EFBF927AD1F /* main.swift in Sources */,
			);
			runOnlyForDeploymentPostprocessing = 0;
		};
		97F2FCDBAB73EB8D988AF393 /* Sources */ = {
			isa = PBXSourcesBuildPhase;
			buildActionMask = 2147483647;
			files = (
				5FB81543834E300F4736AFE1 /* Backend.swift in Sources */,
				36C8961B485B4DB26F4B01B7 /* Cards.swift in Sources */,
				AB00DAF2FAE7B73FD314665C /* ChatDetailView.swift in Sources */,
				91D67C3BBBB54F4E0B9A17FB /* ChatListView.swift in Sources */,
				BEAE48E0B2CBC15ABD093D65 /* ChatSettingsSheet.swift in Sources */,
				945F81C5BE71036A43F84B2C /* ChatterboxMobileApp.swift in Sources */,
				216A4A576879E8065789E82E /* CompanionAPI.swift in Sources */,
				286A355D770106A89DA0551C /* Dictation.swift in Sources */,
				C2EF35311DD0F2CBAC488BFE /* MarkdownText.swift in Sources */,
				DA71F32B2C8680BA6727A33E /* MediaKind.swift in Sources */,
				5A603897A9E87CC8D5BA7122 /* MobileHTMLPreview.swift in Sources */,
				3F9ACF6416461B4A49E77584 /* MobileMedia.swift in Sources */,
				240751B84CDB2B6BFB2F0439 /* MobileStore.swift in Sources */,
				3676EB8F6588D30D5BB9A400 /* PathLinks.swift in Sources */,
				1DF20F97749EBAEDB23D8754 /* PinsAndExtras.swift in Sources */,
				FF3C1F89AA5F1CE49531E94B /* ReaderStyle.swift in Sources */,
				2CFB8E2B4A0501FAE90F8DC0 /* SketchView.swift in Sources */,
				C5AA2B923B13F157E0B511FA /* TranscriptViews.swift in Sources */,
			);
			runOnlyForDeploymentPostprocessing = 0;
		};
/* End PBXSourcesBuildPhase section */

/* Begin PBXTargetDependency section */
		4A00938F9A13CE96D8CA4EB8 /* PBXTargetDependency */ = {
			isa = PBXTargetDependency;
			target = 159C00E94E712B7D36CA0F6E /* ChatterboxMCP */;
			targetProxy = 36D9C35A2F71910A6A84E3D7 /* PBXContainerItemProxy */;
		};
		BDFAB3564F6F8952CBE2E171 /* PBXTargetDependency */ = {
			isa = PBXTargetDependency;
			target = D299F600849DAEBF23CE54AB /* ChatterboxHost */;
			targetProxy = EEB5BAC35F3D9AC5EA999551 /* PBXContainerItemProxy */;
		};
/* End PBXTargetDependency section */

/* Begin XCBuildConfiguration section */
		5C23ABE6C6804C72240D2BD1 /* Debug */ = {
			isa = XCBuildConfiguration;
			buildSettings = {
				ALWAYS_SEARCH_USER_PATHS = NO;
				CLANG_ANALYZER_NONNULL = YES;
				CLANG_ANALYZER_NUMBER_OBJECT_CONVERSION = YES_AGGRESSIVE;
				CLANG_CXX_LANGUAGE_STANDARD = "gnu++14";
				CLANG_CXX_LIBRARY = "libc++";
				CLANG_ENABLE_MODULES = YES;
				CLANG_ENABLE_OBJC_ARC = YES;
				CLANG_ENABLE_OBJC_WEAK = YES;
				CLANG_WARN_BLOCK_CAPTURE_AUTORELEASING = YES;
				CLANG_WARN_BOOL_CONVERSION = YES;
				CLANG_WARN_COMMA = YES;
				CLANG_WARN_CONSTANT_CONVERSION = YES;
				CLANG_WARN_DEPRECATED_OBJC_IMPLEMENTATIONS = YES;
				CLANG_WARN_DIRECT_OBJC_ISA_USAGE = YES_ERROR;
				CLANG_WARN_DOCUMENTATION_COMMENTS = YES;
				CLANG_WARN_EMPTY_BODY = YES;
				CLANG_WARN_ENUM_CONVERSION = YES;
				CLANG_WARN_INFINITE_RECURSION = YES;
				CLANG_WARN_INT_CONVERSION = YES;
				CLANG_WARN_NON_LITERAL_NULL_CONVERSION = YES;
				CLANG_WARN_OBJC_IMPLICIT_RETAIN_SELF = YES;
				CLANG_WARN_OBJC_LITERAL_CONVERSION = YES;
				CLANG_WARN_OBJC_ROOT_CLASS = YES_ERROR;
				CLANG_WARN_QUOTED_INCLUDE_IN_FRAMEWORK_HEADER = YES;
				CLANG_WARN_RANGE_LOOP_ANALYSIS = YES;
				CLANG_WARN_STRICT_PROTOTYPES = YES;
				CLANG_WARN_SUSPICIOUS_MOVE = YES;
				CLANG_WARN_UNGUARDED_AVAILABILITY = YES_AGGRESSIVE;
				CLANG_WARN_UNREACHABLE_CODE = YES;
				CLANG_WARN__DUPLICATE_METHOD_MATCH = YES;
				COPY_PHASE_STRIP = NO;
				CURRENT_PROJECT_VERSION = 1;
				DEBUG_INFORMATION_FORMAT = dwarf;
				ENABLE_STRICT_OBJC_MSGSEND = YES;
				ENABLE_TESTABILITY = YES;
				GCC_C_LANGUAGE_STANDARD = gnu11;
				GCC_DYNAMIC_NO_PIC = NO;
				GCC_NO_COMMON_BLOCKS = YES;
				GCC_OPTIMIZATION_LEVEL = 0;
				GCC_PREPROCESSOR_DEFINITIONS = (
					"$(inherited)",
					"DEBUG=1",
				);
				GCC_WARN_64_TO_32_BIT_CONVERSION = YES;
				GCC_WARN_ABOUT_RETURN_TYPE = YES_ERROR;
				GCC_WARN_UNDECLARED_SELECTOR = YES;
				GCC_WARN_UNINITIALIZED_AUTOS = YES_AGGRESSIVE;
				GCC_WARN_UNUSED_FUNCTION = YES;
				GCC_WARN_UNUSED_VARIABLE = YES;
				MACOSX_DEPLOYMENT_TARGET = 14.0;
				MARKETING_VERSION = 0.1.0;
				MTL_ENABLE_DEBUG_INFO = INCLUDE_SOURCE;
				MTL_FAST_MATH = YES;
				ONLY_ACTIVE_ARCH = YES;
				PRODUCT_NAME = "$(TARGET_NAME)";
				SWIFT_ACTIVE_COMPILATION_CONDITIONS = DEBUG;
				SWIFT_OPTIMIZATION_LEVEL = "-Onone";
				SWIFT_VERSION = 5.0;
			};
			name = Debug;
		};
		6CB79042939DD5C387A18BFB /* Release */ = {
			isa = XCBuildConfiguration;
			buildSettings = {
				CODE_SIGN_IDENTITY = "-";
				CODE_SIGN_STYLE = Manual;
				COMBINE_HIDPI_IMAGES = YES;
				ENABLE_HARDENED_RUNTIME = YES;
				LD_RUNPATH_SEARCH_PATHS = (
					"$(inherited)",
					"@executable_path/../Frameworks",
				);
				PRODUCT_BUNDLE_IDENTIFIER = com.shelbyklein.Chatterbox.MCP;
				PRODUCT_NAME = "chatterbox-mcp";
				SDKROOT = macosx;
				SKIP_INSTALL = YES;
			};
			name = Release;
		};
		7322F848D9955166D178D256 /* Release */ = {
			isa = XCBuildConfiguration;
			buildSettings = {
				ALWAYS_SEARCH_USER_PATHS = NO;
				CLANG_ANALYZER_NONNULL = YES;
				CLANG_ANALYZER_NUMBER_OBJECT_CONVERSION = YES_AGGRESSIVE;
				CLANG_CXX_LANGUAGE_STANDARD = "gnu++14";
				CLANG_CXX_LIBRARY = "libc++";
				CLANG_ENABLE_MODULES = YES;
				CLANG_ENABLE_OBJC_ARC = YES;
				CLANG_ENABLE_OBJC_WEAK = YES;
				CLANG_WARN_BLOCK_CAPTURE_AUTORELEASING = YES;
				CLANG_WARN_BOOL_CONVERSION = YES;
				CLANG_WARN_COMMA = YES;
				CLANG_WARN_CONSTANT_CONVERSION = YES;
				CLANG_WARN_DEPRECATED_OBJC_IMPLEMENTATIONS = YES;
				CLANG_WARN_DIRECT_OBJC_ISA_USAGE = YES_ERROR;
				CLANG_WARN_DOCUMENTATION_COMMENTS = YES;
				CLANG_WARN_EMPTY_BODY = YES;
				CLANG_WARN_ENUM_CONVERSION = YES;
				CLANG_WARN_INFINITE_RECURSION = YES;
				CLANG_WARN_INT_CONVERSION = YES;
				CLANG_WARN_NON_LITERAL_NULL_CONVERSION = YES;
				CLANG_WARN_OBJC_IMPLICIT_RETAIN_SELF = YES;
				CLANG_WARN_OBJC_LITERAL_CONVERSION = YES;
				CLANG_WARN_OBJC_ROOT_CLASS = YES_ERROR;
				CLANG_WARN_QUOTED_INCLUDE_IN_FRAMEWORK_HEADER = YES;
				CLANG_WARN_RANGE_LOOP_ANALYSIS = YES;
				CLANG_WARN_STRICT_PROTOTYPES = YES;
				CLANG_WARN_SUSPICIOUS_MOVE = YES;
				CLANG_WARN_UNGUARDED_AVAILABILITY = YES_AGGRESSIVE;
				CLANG_WARN_UNREACHABLE_CODE = YES;
				CLANG_WARN__DUPLICATE_METHOD_MATCH = YES;
				COPY_PHASE_STRIP = NO;
				CURRENT_PROJECT_VERSION = 1;
				DEBUG_INFORMATION_FORMAT = "dwarf-with-dsym";
				ENABLE_NS_ASSERTIONS = NO;
				ENABLE_STRICT_OBJC_MSGSEND = YES;
				GCC_C_LANGUAGE_STANDARD = gnu11;
				GCC_NO_COMMON_BLOCKS = YES;
				GCC_WARN_64_TO_32_BIT_CONVERSION = YES;
				GCC_WARN_ABOUT_RETURN_TYPE = YES_ERROR;
				GCC_WARN_UNDECLARED_SELECTOR = YES;
				GCC_WARN_UNINITIALIZED_AUTOS = YES_AGGRESSIVE;
				GCC_WARN_UNUSED_FUNCTION = YES;
				GCC_WARN_UNUSED_VARIABLE = YES;
				MACOSX_DEPLOYMENT_TARGET = 14.0;
				MARKETING_VERSION = 0.1.0;
				MTL_ENABLE_DEBUG_INFO = NO;
				MTL_FAST_MATH = YES;
				PRODUCT_NAME = "$(TARGET_NAME)";
				SWIFT_COMPILATION_MODE = wholemodule;
				SWIFT_OPTIMIZATION_LEVEL = "-O";
				SWIFT_VERSION = 5.0;
			};
			name = Release;
		};
		7773FCC666C26A62DD9E67EE /* Debug */ = {
			isa = XCBuildConfiguration;
			buildSettings = {
				CODE_SIGN_IDENTITY = "-";
				CODE_SIGN_STYLE = Manual;
				COMBINE_HIDPI_IMAGES = YES;
				ENABLE_HARDENED_RUNTIME = YES;
				LD_RUNPATH_SEARCH_PATHS = (
					"$(inherited)",
					"@executable_path/../Frameworks",
				);
				PRODUCT_BUNDLE_IDENTIFIER = com.shelbyklein.Chatterbox.Host;
				PRODUCT_NAME = ChatterboxHost;
				SDKROOT = macosx;
				SKIP_INSTALL = YES;
			};
			name = Debug;
		};
		986F7A0E4A6C8F2FD2E39656 /* Debug */ = {
			isa = XCBuildConfiguration;
			buildSettings = {
				ASSETCATALOG_COMPILER_APPICON_NAME = AppIcon;
				CODE_SIGN_IDENTITY = "iPhone Developer";
				CODE_SIGN_STYLE = Automatic;
				CURRENT_PROJECT_VERSION = 1;
				DEVELOPMENT_TEAM = 9F3MKVW9C5;
				INFOPLIST_FILE = ChatterboxMobile/Info.plist;
				IPHONEOS_DEPLOYMENT_TARGET = 17.0;
				LD_RUNPATH_SEARCH_PATHS = (
					"$(inherited)",
					"@executable_path/Frameworks",
				);
				MARKETING_VERSION = 0.1.0;
				PRODUCT_BUNDLE_IDENTIFIER = com.shelbyklein.Chatterbox.mobile;
				PRODUCT_NAME = Chatterbox;
				SDKROOT = iphoneos;
				SWIFT_VERSION = 5.0;
				TARGETED_DEVICE_FAMILY = "1,2";
			};
			name = Debug;
		};
		9B24FA5E18C9EE622D000AD5 /* Release */ = {
			isa = XCBuildConfiguration;
			buildSettings = {
				ASSETCATALOG_COMPILER_APPICON_NAME = AppIcon;
				CODE_SIGN_IDENTITY = "iPhone Developer";
				CODE_SIGN_STYLE = Automatic;
				CURRENT_PROJECT_VERSION = 1;
				DEVELOPMENT_TEAM = 9F3MKVW9C5;
				INFOPLIST_FILE = ChatterboxMobile/Info.plist;
				IPHONEOS_DEPLOYMENT_TARGET = 17.0;
				LD_RUNPATH_SEARCH_PATHS = (
					"$(inherited)",
					"@executable_path/Frameworks",
				);
				MARKETING_VERSION = 0.1.0;
				PRODUCT_BUNDLE_IDENTIFIER = com.shelbyklein.Chatterbox.mobile;
				PRODUCT_NAME = Chatterbox;
				SDKROOT = iphoneos;
				SWIFT_VERSION = 5.0;
				TARGETED_DEVICE_FAMILY = "1,2";
			};
			name = Release;
		};
		B97516C3142AC356BC24555F /* Release */ = {
			isa = XCBuildConfiguration;
			buildSettings = {
				CODE_SIGN_IDENTITY = "-";
				CODE_SIGN_STYLE = Manual;
				COMBINE_HIDPI_IMAGES = YES;
				ENABLE_HARDENED_RUNTIME = YES;
				LD_RUNPATH_SEARCH_PATHS = (
					"$(inherited)",
					"@executable_path/../Frameworks",
				);
				PRODUCT_BUNDLE_IDENTIFIER = com.shelbyklein.Chatterbox.Host;
				PRODUCT_NAME = ChatterboxHost;
				SDKROOT = macosx;
				SKIP_INSTALL = YES;
			};
			name = Release;
		};
		C426739C901FF91D4D8813A5 /* Release */ = {
			isa = XCBuildConfiguration;
			buildSettings = {
				ASSETCATALOG_COMPILER_APPICON_NAME = AppIcon;
				CODE_SIGN_ENTITLEMENTS = Chatterbox/Chatterbox.entitlements;
				CODE_SIGN_IDENTITY = "-";
				CODE_SIGN_STYLE = Manual;
				COMBINE_HIDPI_IMAGES = YES;
				ENABLE_HARDENED_RUNTIME = YES;
				GENERATE_INFOPLIST_FILE = YES;
				INFOPLIST_KEY_CFBundleDisplayName = Chatterbox;
				INFOPLIST_KEY_LSApplicationCategoryType = "public.app-category.productivity";
				LD_RUNPATH_SEARCH_PATHS = (
					"$(inherited)",
					"@executable_path/../Frameworks",
				);
				PRODUCT_BUNDLE_IDENTIFIER = com.shelbyklein.Chatterbox;
				PRODUCT_NAME = Chatterbox;
				SDKROOT = macosx;
			};
			name = Release;
		};
		CBC51616A0626FAEE424102C /* Debug */ = {
			isa = XCBuildConfiguration;
			buildSettings = {
				ASSETCATALOG_COMPILER_APPICON_NAME = AppIcon;
				CODE_SIGN_ENTITLEMENTS = Chatterbox/Chatterbox.entitlements;
				CODE_SIGN_IDENTITY = "-";
				CODE_SIGN_STYLE = Manual;
				COMBINE_HIDPI_IMAGES = YES;
				ENABLE_HARDENED_RUNTIME = YES;
				GENERATE_INFOPLIST_FILE = YES;
				INFOPLIST_KEY_CFBundleDisplayName = Chatterbox;
				INFOPLIST_KEY_LSApplicationCategoryType = "public.app-category.productivity";
				LD_RUNPATH_SEARCH_PATHS = (
					"$(inherited)",
					"@executable_path/../Frameworks",
				);
				PRODUCT_BUNDLE_IDENTIFIER = com.shelbyklein.Chatterbox;
				PRODUCT_NAME = Chatterbox;
				SDKROOT = macosx;
			};
			name = Debug;
		};
		F55276855C0568F9061013F0 /* Debug */ = {
			isa = XCBuildConfiguration;
			buildSettings = {
				CODE_SIGN_IDENTITY = "-";
				CODE_SIGN_STYLE = Manual;
				COMBINE_HIDPI_IMAGES = YES;
				ENABLE_HARDENED_RUNTIME = YES;
				LD_RUNPATH_SEARCH_PATHS = (
					"$(inherited)",
					"@executable_path/../Frameworks",
				);
				PRODUCT_BUNDLE_IDENTIFIER = com.shelbyklein.Chatterbox.MCP;
				PRODUCT_NAME = "chatterbox-mcp";
				SDKROOT = macosx;
				SKIP_INSTALL = YES;
			};
			name = Debug;
		};
/* End XCBuildConfiguration section */

/* Begin XCConfigurationList section */
		277FD40FDB9FCF2D930BE55E /* Build configuration list for PBXNativeTarget "ChatterboxMCP" */ = {
			isa = XCConfigurationList;
			buildConfigurations = (
				F55276855C0568F9061013F0 /* Debug */,
				6CB79042939DD5C387A18BFB /* Release */,
			);
			defaultConfigurationIsVisible = 0;
			defaultConfigurationName = Debug;
		};
		4AD292C40E7441FA1063C3B7 /* Build configuration list for PBXProject "Chatterbox" */ = {
			isa = XCConfigurationList;
			buildConfigurations = (
				5C23ABE6C6804C72240D2BD1 /* Debug */,
				7322F848D9955166D178D256 /* Release */,
			);
			defaultConfigurationIsVisible = 0;
			defaultConfigurationName = Debug;
		};
		A439BB26D83936F45014C1E0 /* Build configuration list for PBXNativeTarget "Chatterbox" */ = {
			isa = XCConfigurationList;
			buildConfigurations = (
				CBC51616A0626FAEE424102C /* Debug */,
				C426739C901FF91D4D8813A5 /* Release */,
			);
			defaultConfigurationIsVisible = 0;
			defaultConfigurationName = Debug;
		};
		C55E79A0A87CD7D5785E064C /* Build configuration list for PBXNativeTarget "ChatterboxMobile" */ = {
			isa = XCConfigurationList;
			buildConfigurations = (
				986F7A0E4A6C8F2FD2E39656 /* Debug */,
				9B24FA5E18C9EE622D000AD5 /* Release */,
			);
			defaultConfigurationIsVisible = 0;
			defaultConfigurationName = Debug;
		};
		F5339E05129197989F6DF0D0 /* Build configuration list for PBXNativeTarget "ChatterboxHost" */ = {
			isa = XCConfigurationList;
			buildConfigurations = (
				7773FCC666C26A62DD9E67EE /* Debug */,
				B97516C3142AC356BC24555F /* Release */,
			);
			defaultConfigurationIsVisible = 0;
			defaultConfigurationName = Debug;
		};
/* End XCConfigurationList section */
	};
	rootObject = 332F3704E8BF10712F3EA051 /* Project object */;
}
